
Microsoft Visual Studio Solution File, Format Version 12.00
# Visual Studio Version 17
VisualStudioVersion = 17.11.35208.52
MinimumVisualStudioVersion = 10.0.40219.1
Project("{FAE04EC0-301F-11D3-BF4B-00C04F79EFBC}") = "APP_STOCK", "APP_STOCK\APP_STOCK.csproj", "{0DB99CA2-957F-4321-ADF7-F1A15413FB98}"
EndProject
Project("{FAE04EC0-301F-11D3-BF4B-00C04F79EFBC}") = "DTO_STOCK", "DTO_STOCK\DTO_STOCK.csproj", "{DA7827BB-BFD9-49D4-A914-43B254480EE7}"
EndProject
Project("{FAE04EC0-301F-11D3-BF4B-00C04F79EFBC}") = "DAO_STOCK", "DAO_STOCK\DAO_STOCK.csproj", "{9B337F49-12C4-4402-9000-407746FD6805}"
EndProject
Project("{FAE04EC0-301F-11D3-BF4B-00C04F79EFBC}") = "SERVICES_STOCK", "SERVICES_STOCK\SERVICES_STOCK.csproj", "{A4593406-31EC-4D73-B5AD-54244D3AA325}"
EndProject
Project("{FAE04EC0-301F-11D3-BF4B-00C04F79EFBC}") = "DATA_STOCK", "DATA_STOCK\DATA_STOCK.csproj", "{96BA48B4-B9DE-4981-93D9-7674ED8E98A6}"
EndProject
Global
	GlobalSection(SolutionConfigurationPlatforms) = preSolution
		Debug|Any CPU = Debug|Any CPU
		Release|Any CPU = Release|Any CPU
	EndGlobalSection
	GlobalSection(ProjectConfigurationPlatforms) = postSolution
		{0DB99CA2-957F-4321-ADF7-F1A15413FB98}.Debug|Any CPU.ActiveCfg = Debug|Any CPU
		{0DB99CA2-957F-4321-ADF7-F1A15413FB98}.Debug|Any CPU.Build.0 = Debug|Any CPU
		{0DB99CA2-957F-4321-ADF7-F1A15413FB98}.Release|Any CPU.ActiveCfg = Release|Any CPU
		{0DB99CA2-957F-4321-ADF7-F1A15413FB98}.Release|Any CPU.Build.0 = Release|Any CPU
		{DA7827BB-BFD9-49D4-A914-43B254480EE7}.Debug|Any CPU.ActiveCfg = Debug|Any CPU
		{DA7827BB-BFD9-49D4-A914-43B254480EE7}.Debug|Any CPU.Build.0 = Debug|Any CPU
		{DA7827BB-BFD9-49D4-A914-43B254480EE7}.Release|Any CPU.ActiveCfg = Release|Any CPU
		{DA7827BB-BFD9-49D4-A914-43B254480EE7}.Release|Any CPU.Build.0 = Release|Any CPU
		{9B337F49-12C4-4402-9000-407746FD6805}.Debug|Any CPU.ActiveCfg = Debug|Any CPU
		{9B337F49-12C4-4402-9000-407746FD6805}.Debug|Any CPU.Build.0 = Debug|Any CPU
		{9B337F49-12C4-4402-9000-407746FD6805}.Release|Any CPU.ActiveCfg = Release|Any CPU
		{9B337F49-12C4-4402-9000-407746FD6805}.Release|Any CPU.Build.0 = Release|Any CPU
		{A4593406-31EC-4D73-B5AD-54244D3AA325}.Debug|Any CPU.ActiveCfg = Debug|Any CPU
		{A4593406-31EC-4D73-B5AD-54244D3AA325}.Debug|Any CPU.Build.0 = Debug|Any CPU
		{A4593406-31EC-4D73-B5AD-54244D3AA325}.Release|Any CPU.ActiveCfg = Release|Any CPU
		{A4593406-31EC-4D73-B5AD-54244D3AA325}.Release|Any CPU.Build.0 = Release|Any CPU
		{96BA48B4-B9DE-4981-93D9-7674ED8E98A6}.Debug|Any CPU.ActiveCfg = Debug|Any CPU
		{96BA48B4-B9DE-4981-93D9-7674ED8E98A6}.Debug|Any CPU.Build.0 = Debug|Any CPU
		{96BA48B4-B9DE-4981-93D9-7674ED8E98A6}.Release|Any CPU.ActiveCfg = Release|Any CPU
		{96BA48B4-B9DE-4981-93D9-7674ED8E98A6}.Release|Any CPU.Build.0 = Release|Any CPU
	EndGlobalSection
	GlobalSection(SolutionProperties) = preSolution
		HideSolutionNode = FALSE
	EndGlobalSection
	GlobalSection(ExtensibilityGlobals) = postSolution
		SolutionGuid = {C02EC0E9-D32A-4541-BF27-1DD3BD056EE9}
	EndGlobalSection
EndGlobal
